
Microsoft Visual Studio Solution File, Format Version 12.00
# Visual Studio Version 17
VisualStudioVersion = 17.9.34902.65
MinimumVisualStudioVersion = 10.0.40219.1
Project("{FAE04EC0-301F-11D3-BF4B-00C04F79EFBC}") = "WPF_TOPClassWork", "WPF_TOPClassWork.csproj", "{5AFA7915-3582-459A-AA7E-968533E89720}"
EndProject
Global
	GlobalSection(SolutionConfigurationPlatforms) = preSolution
		Debug|Any CPU = Debug|Any CPU
		Release|Any CPU = Release|Any CPU
	EndGlobalSection
	GlobalSection(ProjectConfigurationPlatforms) = postSolution
		{5AFA7915-3582-459A-AA7E-968533E89720}.Debug|Any CPU.ActiveCfg = Debug|Any CPU
		{5AFA7915-3582-459A-AA7E-968533E89720}.Debug|Any CPU.Build.0 = Debug|Any CPU
		{5AFA7915-3582-459A-AA7E-968533E89720}.Release|Any CPU.ActiveCfg = Release|Any CPU
		{5AFA7915-3582-459A-AA7E-968533E89720}.Release|Any CPU.Build.0 = Release|Any CPU
	EndGlobalSection
	GlobalSection(SolutionProperties) = preSolution
		HideSolutionNode = FALSE
	EndGlobalSection
	GlobalSection(ExtensibilityGlobals) = postSolution
		SolutionGuid = {A92433DE-0F5E-4E87-8DFE-8FA51ACC21E7}
	EndGlobalSection
EndGlobal
